// !$*UTF8*$!
{
	archiveVersion = 1;
	classes = {
	};
	objectVersion = 56;
	objects = {

/* Begin PBXBuildFile section */
		84D95E6C29DD435E00668D16 /* walletappiosApp.swift in Sources */ = {isa = PBXBuildFile; fileRef = 84D95E6B29DD435E00668D16 /* walletappiosApp.swift */; };
		84D95E6E29DD435E00668D16 /* ContentView.swift in Sources */ = {isa = PBXBuildFile; fileRef = 84D95E6D29DD435E00668D16 /* ContentView.swift */; };
		84D95E7029DD436000668D16 /* Assets.xcassets in Resources */ = {isa = PBXBuildFile; fileRef = 84D95E6F29DD436000668D16 /* Assets.xcassets */; };
		84D95E7329DD436000668D16 /* Preview Assets.xcassets in Resources */ = {isa = PBXBuildFile; fileRef = 84D95E7229DD436000668D16 /* Preview Assets.xcassets */; };
		84D95E8029DD445B00668D16 /* CoadableBundleDecoderExtention.swift in Sources */ = {isa = PBXBuildFile; fileRef = 84D95E7F29DD445B00668D16 /* CoadableBundleDecoderExtention.swift */; };
		84D95E8229DD446D00668D16 /* Constant.swift in Sources */ = {isa = PBXBuildFile; fileRef = 84D95E8129DD446D00668D16 /* Constant.swift */; };
		84D95E8529DD455100668D16 /* TopNavigationBar.swift in Sources */ = {isa = PBXBuildFile; fileRef = 84D95E8429DD455100668D16 /* TopNavigationBar.swift */; };
/* End PBXBuildFile section */

/* Begin PBXFileReference section */
		84D95E6829DD435E00668D16 /* walletappios.app */ = {isa = PBXFileReference; explicitFileType = wrapper.application; includeInIndex = 0; path = walletappios.app; sourceTree = BUILT_PRODUCTS_DIR; };
		84D95E6B29DD435E00668D16 /* walletappiosApp.swift */ = {isa = PBXFileReference; lastKnownFileType = sourcecode.swift; path = walletappiosApp.swift; sourceTree = "<group>"; };
		84D95E6D29DD435E00668D16 /* ContentView.swift */ = {isa = PBXFileReference; lastKnownFileType = sourcecode.swift; path = ContentView.swift; sourceTree = "<group>"; };
		84D95E6F29DD436000668D16 /* Assets.xcassets */ = {isa = PBXFileReference; lastKnownFileType = folder.assetcatalog; path = Assets.xcassets; sourceTree = "<group>"; };
		84D95E7229DD436000668D16 /* Preview Assets.xcassets */ = {isa = PBXFileReference; lastKnownFileType = folder.assetcatalog; path = "Preview Assets.xcassets"; sourceTree = "<group>"; };
		84D95E7F29DD445B00668D16 /* CoadableBundleDecoderExtention.swift */ = {isa = PBXFileReference; fileEncoding = 4; lastKnownFileType = sourcecode.swift; path = CoadableBundleDecoderExtention.swift; sourceTree = "<group>"; };
		84D95E8129DD446D00668D16 /* Constant.swift */ = {isa = PBXFileReference; lastKnownFileType = sourcecode.swift; path = Constant.swift; sourceTree = "<group>"; };
		84D95E8429DD455100668D16 /* TopNavigationBar.swift */ = {isa = PBXFileReference; lastKnownFileType = sourcecode.swift; path = TopNavigationBar.swift; sourceTree = "<group>"; };
/* End PBXFileReference section */

/* Begin PBXFrameworksBuildPhase section */
		84D95E6529DD435E00668D16 /* Frameworks */ = {
			isa = PBXFrameworksBuildPhase;
			buildActionMask = 2147483647;
			files = (
			);
			runOnlyForDeploymentPostprocessing = 0;
		};
/* End PBXFrameworksBuildPhase section */

/* Begin PBXGroup section */
		84D95E5F29DD435E00668D16 = {
			isa = PBXGroup;
			children = (
				84D95E6A29DD435E00668D16 /* walletappios */,
				84D95E6929DD435E00668D16 /* Products */,
			);
			sourceTree = "<group>";
		};
		84D95E6929DD435E00668D16 /* Products */ = {
			isa = PBXGroup;
			children = (
				84D95E6829DD435E00668D16 /* walletappios.app */,
			);
			name = Products;
			sourceTree = "<group>";
		};
		84D95E6A29DD435E00668D16 /* walletappios */ = {
			isa = PBXGroup;
			children = (
				84D95E7E29DD43AB00668D16 /* Extension */,
				84D95E7D29DD439000668D16 /* Data */,
				84D95E7C29DD437F00668D16 /* Utility */,
				84D95E7B29DD437900668D16 /* App */,
				84D95E7A29DD437300668D16 /* View */,
				84D95E7929DD436C00668D16 /* Model */,
				84D95E6F29DD436000668D16 /* Assets.xcassets */,
				84D95E7129DD436000668D16 /* Preview Content */,
			);
			path = walletappios;
			sourceTree = "<group>";
		};
		84D95E7129DD436000668D16 /* Preview Content */ = {
			isa = PBXGroup;
			children = (
				84D95E7229DD436000668D16 /* Preview Assets.xcassets */,
			);
			path = "Preview Content";
			sourceTree = "<group>";
		};
		84D95E7929DD436C00668D16 /* Model */ = {
			isa = PBXGroup;
			children = (
			);
			path = Model;
			sourceTree = "<group>";
		};
		84D95E7A29DD437300668D16 /* View */ = {
			isa = PBXGroup;
			children = (
				84D95E8329DD448600668D16 /* Home */,
			);
			path = View;
			sourceTree = "<group>";
		};
		84D95E7B29DD437900668D16 /* App */ = {
			isa = PBXGroup;
			children = (
				84D95E6B29DD435E00668D16 /* walletappiosApp.swift */,
				84D95E6D29DD435E00668D16 /* ContentView.swift */,
			);
			path = App;
			sourceTree = "<group>";
		};
		84D95E7C29DD437F00668D16 /* Utility */ = {
			isa = PBXGroup;
			children = (
				84D95E8129DD446D00668D16 /* Constant.swift */,
			);
			path = Utility;
			sourceTree = "<group>";
		};
		84D95E7D29DD439000668D16 /* Data */ = {
			isa = PBXGroup;
			children = (
			);
			path = Data;
			sourceTree = "<group>";
		};
		84D95E7E29DD43AB00668D16 /* Extension */ = {
			isa = PBXGroup;
			children = (
				84D95E7F29DD445B00668D16 /* CoadableBundleDecoderExtention.swift */,
			);
			path = Extension;
			sourceTree = "<group>";
		};
		84D95E8329DD448600668D16 /* Home */ = {
			isa = PBXGroup;
			children = (
				84D95E8429DD455100668D16 /* TopNavigationBar.swift */,
			);
			path = Home;
			sourceTree = "<group>";
		};
/* End PBXGroup section */

/* Begin PBXNativeTarget section */
		84D95E6729DD435E00668D16 /* walletappios */ = {
			isa = PBXNativeTarget;
			buildConfigurationList = 84D95E7629DD436000668D16 /* Build configuration list for PBXNativeTarget "walletappios" */;
			buildPhases = (
				84D95E6429DD435E00668D16 /* Sources */,
				84D95E6529DD435E00668D16 /* Frameworks */,
				84D95E6629DD435E00668D16 /* Resources */,
			);
			buildRules = (
			);
			dependencies = (
			);
			name = walletappios;
			productName = walletappios;
			productReference = 84D95E6829DD435E00668D16 /* walletappios.app */;
			productType = "com.apple.product-type.application";
		};
/* End PBXNativeTarget section */

/* Begin PBXProject section */
		84D95E6029DD435E00668D16 /* Project object */ = {
			isa = PBXProject;
			attributes = {
				BuildIndependentTargetsInParallel = 1;
				LastSwiftUpdateCheck = 1420;
				LastUpgradeCheck = 1420;
				TargetAttributes = {
					84D95E6729DD435E00668D16 = {
						CreatedOnToolsVersion = 14.2;
					};
				};
			};
			buildConfigurationList = 84D95E6329DD435E00668D16 /* Build configuration list for PBXProject "walletappios" */;
			compatibilityVersion = "Xcode 14.0";
			developmentRegion = en;
			hasScannedForEncodings = 0;
			knownRegions = (
				en,
				Base,
			);
			mainGroup = 84D95E5F29DD435E00668D16;
			productRefGroup = 84D95E6929DD435E00668D16 /* Products */;
			projectDirPath = "";
			projectRoot = "";
			targets = (
				84D95E6729DD435E00668D16 /* walletappios */,
			);
		};
/* End PBXProject section */

/* Begin PBXResourcesBuildPhase section */
		84D95E6629DD435E00668D16 /* Resources */ = {
			isa = PBXResourcesBuildPhase;
			buildActionMask = 2147483647;
			files = (
				84D95E7329DD436000668D16 /* Preview Assets.xcassets in Resources */,
				84D95E7029DD436000668D16 /* Assets.xcassets in Resources */,
			);
			runOnlyForDeploymentPostprocessing = 0;
		};
/* End PBXResourcesBuildPhase section */

/* Begin PBXSourcesBuildPhase section */
		84D95E6429DD435E00668D16 /* Sources */ = {
			isa = PBXSourcesBuildPhase;
			buildActionMask = 2147483647;
			files = (
				84D95E8029DD445B00668D16 /* CoadableBundleDecoderExtention.swift in Sources */,
				84D95E6E29DD435E00668D16 /* ContentView.swift in Sources */,
				84D95E8529DD455100668D16 /* TopNavigationBar.swift in Sources */,
				84D95E6C29DD435E00668D16 /* walletappiosApp.swift in Sources */,
				84D95E8229DD446D00668D16 /* Constant.swift in Sources */,
			);
			runOnlyForDeploymentPostprocessing = 0;
		};
/* End PBXSourcesBuildPhase section */

/* Begin XCBuildConfiguration section */
		84D95E7429DD436000668D16 /* Debug */ = {
			isa = XCBuildConfiguration;
			buildSettings = {
				ALWAYS_SEARCH_USER_PATHS = NO;
				CLANG_ANALYZER_NONNULL = YES;
				CLANG_ANALYZER_NUMBER_OBJECT_CONVERSION = YES_AGGRESSIVE;
				CLANG_CXX_LANGUAGE_STANDARD = "gnu++20";
				CLANG_ENABLE_MODULES = YES;
				CLANG_ENABLE_OBJC_ARC = YES;
				CLANG_ENABLE_OBJC_WEAK = YES;
				CLANG_WARN_BLOCK_CAPTURE_AUTORELEASING = YES;
				CLANG_WARN_BOOL_CONVERSION = YES;
				CLANG_WARN_COMMA = YES;
				CLANG_WARN_CONSTANT_CONVERSION = YES;
				CLANG_WARN_DEPRECATED_OBJC_IMPLEMENTATIONS = YES;
				CLANG_WARN_DIRECT_OBJC_ISA_USAGE = YES_ERROR;
				CLANG_WARN_DOCUMENTATION_COMMENTS = YES;
				CLANG_WARN_EMPTY_BODY = YES;
				CLANG_WARN_ENUM_CONVERSION = YES;
				CLANG_WARN_INFINITE_RECURSION = YES;
				CLANG_WARN_INT_CONVERSION = YES;
				CLANG_WARN_NON_LITERAL_NULL_CONVERSION = YES;
				CLANG_WARN_OBJC_IMPLICIT_RETAIN_SELF = YES;
				CLANG_WARN_OBJC_LITERAL_CONVERSION = YES;
				CLANG_WARN_OBJC_ROOT_CLASS = YES_ERROR;
				CLANG_WARN_QUOTED_INCLUDE_IN_FRAMEWORK_HEADER = YES;
				CLANG_WARN_RANGE_LOOP_ANALYSIS = YES;
				CLANG_WARN_STRICT_PROTOTYPES = YES;
				CLANG_WARN_SUSPICIOUS_MOVE = YES;
				CLANG_WARN_UNGUARDED_AVAILABILITY = YES_AGGRESSIVE;
				CLANG_WARN_UNREACHABLE_CODE = YES;
				CLANG_WARN__DUPLICATE_METHOD_MATCH = YES;
				COPY_PHASE_STRIP = NO;
				DEBUG_INFORMATION_FORMAT = dwarf;
				ENABLE_STRICT_OBJC_MSGSEND = YES;
				ENABLE_TESTABILITY = YES;
				GCC_C_LANGUAGE_STANDARD = gnu11;
				GCC_DYNAMIC_NO_PIC = NO;
				GCC_NO_COMMON_BLOCKS = YES;
				GCC_OPTIMIZATION_LEVEL = 0;
				GCC_PREPROCESSOR_DEFINITIONS = (
					"DEBUG=1",
					"$(inherited)",
				);
				GCC_WARN_64_TO_32_BIT_CONVERSION = YES;
				GCC_WARN_ABOUT_RETURN_TYPE = YES_ERROR;
				GCC_WARN_UNDECLARED_SELECTOR = YES;
				GCC_WARN_UNINITIALIZED_AUTOS = YES_AGGRESSIVE;
				GCC_WARN_UNUSED_FUNCTION = YES;
				GCC_WARN_UNUSED_VARIABLE = YES;
				IPHONEOS_DEPLOYMENT_TARGET = 16.2;
				MTL_ENABLE_DEBUG_INFO = INCLUDE_SOURCE;
				MTL_FAST_MATH = YES;
				ONLY_ACTIVE_ARCH = YES;
				SDKROOT = iphoneos;
				SWIFT_ACTIVE_COMPILATION_CONDITIONS = DEBUG;
				SWIFT_OPTIMIZATION_LEVEL = "-Onone";
			};
			name = Debug;
		};
		84D95E7529DD436000668D16 /* Release */ = {
			isa = XCBuildConfiguration;
			buildSettings = {
				ALWAYS_SEARCH_USER_PATHS = NO;
				CLANG_ANALYZER_NONNULL = YES;
				CLANG_ANALYZER_NUMBER_OBJECT_CONVERSION = YES_AGGRESSIVE;
				CLANG_CXX_LANGUAGE_STANDARD = "gnu++20";
				CLANG_ENABLE_MODULES = YES;
				CLANG_ENABLE_OBJC_ARC = YES;
				CLANG_ENABLE_OBJC_WEAK = YES;
				CLANG_WARN_BLOCK_CAPTURE_AUTORELEASING = YES;
				CLANG_WARN_BOOL_CONVERSION = YES;
				CLANG_WARN_COMMA = YES;
				CLANG_WARN_CONSTANT_CONVERSION = YES;
				CLANG_WARN_DEPRECATED_OBJC_IMPLEMENTATIONS = YES;
				CLANG_WARN_DIRECT_OBJC_ISA_USAGE = YES_ERROR;
				CLANG_WARN_DOCUMENTATION_COMMENTS = YES;
				CLANG_WARN_EMPTY_BODY = YES;
				CLANG_WARN_ENUM_CONVERSION = YES;
				CLANG_WARN_INFINITE_RECURSION = YES;
				CLANG_WARN_INT_CONVERSION = YES;
				CLANG_WARN_NON_LITERAL_NULL_CONVERSION = YES;
				CLANG_WARN_OBJC_IMPLICIT_RETAIN_SELF = YES;
				CLANG_WARN_OBJC_LITERAL_CONVERSION = YES;
				CLANG_WARN_OBJC_ROOT_CLASS = YES_ERROR;
				CLANG_WARN_QUOTED_INCLUDE_IN_FRAMEWORK_HEADER = YES;
				CLANG_WARN_RANGE_LOOP_ANALYSIS = YES;
				CLANG_WARN_STRICT_PROTOTYPES = YES;
				CLANG_WARN_SUSPICIOUS_MOVE = YES;
				CLANG_WARN_UNGUARDED_AVAILABILITY = YES_AGGRESSIVE;
				CLANG_WARN_UNREACHABLE_CODE = YES;
				CLANG_WARN__DUPLICATE_METHOD_MATCH = YES;
				COPY_PHASE_STRIP = NO;
				DEBUG_INFORMATION_FORMAT = "dwarf-with-dsym";
				ENABLE_NS_ASSERTIONS = NO;
				ENABLE_STRICT_OBJC_MSGSEND = YES;
				GCC_C_LANGUAGE_STANDARD = gnu11;
				GCC_NO_COMMON_BLOCKS = YES;
				GCC_WARN_64_TO_32_BIT_CONVERSION = YES;
				GCC_WARN_ABOUT_RETURN_TYPE = YES_ERROR;
				GCC_WARN_UNDECLARED_SELECTOR = YES;
				GCC_WARN_UNINITIALIZED_AUTOS = YES_AGGRESSIVE;
				GCC_WARN_UNUSED_FUNCTION = YES;
				GCC_WARN_UNUSED_VARIABLE = YES;
				IPHONEOS_DEPLOYMENT_TARGET = 16.2;
				MTL_ENABLE_DEBUG_INFO = NO;
				MTL_FAST_MATH = YES;
				SDKROOT = iphoneos;
				SWIFT_COMPILATION_MODE = wholemodule;
				SWIFT_OPTIMIZATION_LEVEL = "-O";
				VALIDATE_PRODUCT = YES;
			};
			name = Release;
		};
		84D95E7729DD436000668D16 /* Debug */ = {
			isa = XCBuildConfiguration;
			buildSettings = {
				ASSETCATALOG_COMPILER_APPICON_NAME = AppIcon;
				ASSETCATALOG_COMPILER_GLOBAL_ACCENT_COLOR_NAME = AccentColor;
				CODE_SIGN_STYLE = Automatic;
				CURRENT_PROJECT_VERSION = 1;
				DEVELOPMENT_ASSET_PATHS = "\"walletappios/Preview Content\"";
				ENABLE_PREVIEWS = YES;
				GENERATE_INFOPLIST_FILE = YES;
				INFOPLIST_KEY_UIApplicationSceneManifest_Generation = YES;
				INFOPLIST_KEY_UIApplicationSupportsIndirectInputEvents = YES;
				INFOPLIST_KEY_UILaunchScreen_Generation = YES;
				INFOPLIST_KEY_UISupportedInterfaceOrientations_iPad = "UIInterfaceOrientationPortrait UIInterfaceOrientationPortraitUpsideDown UIInterfaceOrientationLandscapeLeft UIInterfaceOrientationLandscapeRight";
				INFOPLIST_KEY_UISupportedInterfaceOrientations_iPhone = "UIInterfaceOrientationPortrait UIInterfaceOrientationLandscapeLeft UIInterfaceOrientationLandscapeRight";
				LD_RUNPATH_SEARCH_PATHS = (
					"$(inherited)",
					"@executable_path/Frameworks",
				);
				MARKETING_VERSION = 1.0;
				PRODUCT_BUNDLE_IDENTIFIER = com.maroonedlab.walletappios;
				PRODUCT_NAME = "$(TARGET_NAME)";
				SWIFT_EMIT_LOC_STRINGS = YES;
				SWIFT_VERSION = 5.0;
				TARGETED_DEVICE_FAMILY = "1,2";
			};
			name = Debug;
		};
		84D95E7829DD436000668D16 /* Release */ = {
			isa = XCBuildConfiguration;
			buildSettings = {
				ASSETCATALOG_COMPILER_APPICON_NAME = AppIcon;
				ASSETCATALOG_COMPILER_GLOBAL_ACCENT_COLOR_NAME = AccentColor;
				CODE_SIGN_STYLE = Automatic;
				CURRENT_PROJECT_VERSION = 1;
				DEVELOPMENT_ASSET_PATHS = "\"walletappios/Preview Content\"";
				ENABLE_PREVIEWS = YES;
				GENERATE_INFOPLIST_FILE = YES;
				INFOPLIST_KEY_UIApplicationSceneManifest_Generation = YES;
				INFOPLIST_KEY_UIApplicationSupportsIndirectInputEvents = YES;
				INFOPLIST_KEY_UILaunchScreen_Generation = YES;
				INFOPLIST_KEY_UISupportedInterfaceOrientations_iPad = "UIInterfaceOrientationPortrait UIInterfaceOrientationPortraitUpsideDown UIInterfaceOrientationLandscapeLeft UIInterfaceOrientationLandscapeRight";
				INFOPLIST_KEY_UISupportedInterfaceOrientations_iPhone = "UIInterfaceOrientationPortrait UIInterfaceOrientationLandscapeLeft UIInterfaceOrientationLandscapeRight";
				LD_RUNPATH_SEARCH_PATHS = (
					"$(inherited)",
					"@executable_path/Frameworks",
				);
				MARKETING_VERSION = 1.0;
				PRODUCT_BUNDLE_IDENTIFIER = com.maroonedlab.walletappios;
				PRODUCT_NAME = "$(TARGET_NAME)";
				SWIFT_EMIT_LOC_STRINGS = YES;
				SWIFT_VERSION = 5.0;
				TARGETED_DEVICE_FAMILY = "1,2";
			};
			name = Release;
		};
/* End XCBuildConfiguration section */

/* Begin XCConfigurationList section */
		84D95E6329DD435E00668D16 /* Build configuration list for PBXProject "walletappios" */ = {
			isa = XCConfigurationList;
			buildConfigurations = (
				84D95E7429DD436000668D16 /* Debug */,
				84D95E7529DD436000668D16 /* Release */,
			);
			defaultConfigurationIsVisible = 0;
			defaultConfigurationName = Release;
		};
		84D95E7629DD436000668D16 /* Build configuration list for PBXNativeTarget "walletappios" */ = {
			isa = XCConfigurationList;
			buildConfigurations = (
				84D95E7729DD436000668D16 /* Debug */,
				84D95E7829DD436000668D16 /* Release */,
			);
			defaultConfigurationIsVisible = 0;
			defaultConfigurationName = Release;
		};
/* End XCConfigurationList section */
	};
	rootObject = 84D95E6029DD435E00668D16 /* Project object */;
}
